{
  "object": {
    "pins": [
      {
        "package": "iColor",
        "repositoryURL": "https://github.com/Fire-Finances/iColor.git",
        "state": {
          "branch": null,
          "revision": "2443681ba99877d8224dee7291e21642835273ef",
          "version": "0.1.2"
        }
      }
    ]
  },
  "version": 1
}
